
Microsoft Visual Studio Solution File, Format Version 11.00
# Visual Studio 2010
Project("{FAE04EC0-301F-11D3-BF4B-00C04F79EFBC}") = "RobotVision_Small", "RobotVision_Release\RobotVision_Small.csproj", "{AA90D083-854F-4709-B377-1C7DE3A50093}"
EndProject
Global
	GlobalSection(SolutionConfigurationPlatforms) = preSolution
		Debug|x86 = Debug|x86
		Release|x86 = Release|x86
	EndGlobalSection
	GlobalSection(ProjectConfigurationPlatforms) = postSolution
		{AA90D083-854F-4709-B377-1C7DE3A50093}.Debug|x86.ActiveCfg = Debug|x86
		{AA90D083-854F-4709-B377-1C7DE3A50093}.Debug|x86.Build.0 = Debug|x86
		{AA90D083-854F-4709-B377-1C7DE3A50093}.Release|x86.ActiveCfg = Release|x86
		{AA90D083-854F-4709-B377-1C7DE3A50093}.Release|x86.Build.0 = Release|x86
	EndGlobalSection
	GlobalSection(SolutionProperties) = preSolution
		HideSolutionNode = FALSE
	EndGlobalSection
EndGlobal
